// !$*UTF8*$!
{
	archiveVersion = 1;
	classes = {
	};
	objectVersion = 46;
	objects = {

/* Begin PBXBuildFile section */
		62FEBE151BDE9E040043FD13 /* main.m in Sources */ = {isa = PBXBuildFile; fileRef = 62FEBE141BDE9E040043FD13 /* main.m */; };
		62FEBE181BDE9E040043FD13 /* AppDelegate.m in Sources */ = {isa = PBXBuildFile; fileRef = 62FEBE171BDE9E040043FD13 /* AppDelegate.m */; };
		62FEBE1B1BDE9E040043FD13 /* ViewController.m in Sources */ = {isa = PBXBuildFile; fileRef = 62FEBE1A1BDE9E040043FD13 /* ViewController.m */; };
		62FEBE1E1BDE9E040043FD13 /* Main.storyboard in Resources */ = {isa = PBXBuildFile; fileRef = 62FEBE1C1BDE9E040043FD13 /* Main.storyboard */; };
		62FEBE201BDE9E040043FD13 /* Images.xcassets in Resources */ = {isa = PBXBuildFile; fileRef = 62FEBE1F1BDE9E040043FD13 /* Images.xcassets */; };
		62FEBE231BDE9E040043FD13 /* LaunchScreen.xib in Resources */ = {isa = PBXBuildFile; fileRef = 62FEBE211BDE9E040043FD13 /* LaunchScreen.xib */; };
		62FEBE2F1BDE9E040043FD13 /* _0_26_NetWorkTests.m in Sources */ = {isa = PBXBuildFile; fileRef = 62FEBE2E1BDE9E040043FD13 /* _0_26_NetWorkTests.m */; };
/* End PBXBuildFile section */

/* Begin PBXContainerItemProxy section */
		62FEBE291BDE9E040043FD13 /* PBXContainerItemProxy */ = {
			isa = PBXContainerItemProxy;
			containerPortal = 62FEBE071BDE9E040043FD13 /* Project object */;
			proxyType = 1;
			remoteGlobalIDString = 62FEBE0E1BDE9E040043FD13;
			remoteInfo = 10.26_NetWork;
		};
/* End PBXContainerItemProxy section */

/* Begin PBXFileReference section */
		62FEBE0F1BDE9E040043FD13 /* 10.26_NetWork.app */ = {isa = PBXFileReference; explicitFileType = wrapper.application; includeInIndex = 0; path = 10.26_NetWork.app; sourceTree = BUILT_PRODUCTS_DIR; };
		62FEBE131BDE9E040043FD13 /* Info.plist */ = {isa = PBXFileReference; lastKnownFileType = text.plist.xml; path = Info.plist; sourceTree = "<group>"; };
		62FEBE141BDE9E040043FD13 /* main.m */ = {isa = PBXFileReference; lastKnownFileType = sourcecode.c.objc; path = main.m; sourceTree = "<group>"; };
		62FEBE161BDE9E040043FD13 /* AppDelegate.h */ = {isa = PBXFileReference; lastKnownFileType = sourcecode.c.h; path = AppDelegate.h; sourceTree = "<group>"; };
		62FEBE171BDE9E040043FD13 /* AppDelegate.m */ = {isa = PBXFileReference; lastKnownFileType = sourcecode.c.objc; path = AppDelegate.m; sourceTree = "<group>"; };
		62FEBE191BDE9E040043FD13 /* ViewController.h */ = {isa = PBXFileReference; lastKnownFileType = sourcecode.c.h; path = ViewController.h; sourceTree = "<group>"; };
		62FEBE1A1BDE9E040043FD13 /* ViewController.m */ = {isa = PBXFileReference; lastKnownFileType = sourcecode.c.objc; path = ViewController.m; sourceTree = "<group>"; };
		62FEBE1D1BDE9E040043FD13 /* Base */ = {isa = PBXFileReference; lastKnownFileType = file.storyboard; name = Base; path = Base.lproj/Main.storyboard; sourceTree = "<group>"; };
		62FEBE1F1BDE9E040043FD13 /* Images.xcassets */ = {isa = PBXFileReference; lastKnownFileType = folder.assetcatalog; path = Images.xcassets; sourceTree = "<group>"; };
		62FEBE221BDE9E040043FD13 /* Base */ = {isa = PBXFileReference; lastKnownFileType = file.xib; name = Base; path = Base.lproj/LaunchScreen.xib; sourceTree = "<group>"; };
		62FEBE281BDE9E040043FD13 /* 10.26_NetWorkTests.xctest */ = {isa = PBXFileReference; explicitFileType = wrapper.cfbundle; includeInIndex = 0; path = 10.26_NetWorkTests.xctest; sourceTree = BUILT_PRODUCTS_DIR; };
		62FEBE2D1BDE9E040043FD13 /* Info.plist */ = {isa = PBXFileReference; lastKnownFileType = text.plist.xml; path = Info.plist; sourceTree = "<group>"; };
		62FEBE2E1BDE9E040043FD13 /* _0_26_NetWorkTests.m */ = {isa = PBXFileReference; lastKnownFileType = sourcecode.c.objc; path = _0_26_NetWorkTests.m; sourceTree = "<group>"; };
/* End PBXFileReference section */

/* Begin PBXFrameworksBuildPhase section */
		62FEBE0C1BDE9E040043FD13 /* Frameworks */ = {
			isa = PBXFrameworksBuildPhase;
			buildActionMask = 2147483647;
			files = (
			);
			runOnlyForDeploymentPostprocessing = 0;
		};
		62FEBE251BDE9E040043FD13 /* Frameworks */ = {
			isa = PBXFrameworksBuildPhase;
			buildActionMask = 2147483647;
			files = (
			);
			runOnlyForDeploymentPostprocessing = 0;
		};
/* End PBXFrameworksBuildPhase section */

/* Begin PBXGroup section */
		62FEBE061BDE9E040043FD13 = {
			isa = PBXGroup;
			children = (
				62FEBE111BDE9E040043FD13 /* 10.26_NetWork */,
				62FEBE2B1BDE9E040043FD13 /* 10.26_NetWorkTests */,
				62FEBE101BDE9E040043FD13 /* Products */,
			);
			sourceTree = "<group>";
		};
		62FEBE101BDE9E040043FD13 /* Products */ = {
			isa = PBXGroup;
			children = (
				62FEBE0F1BDE9E040043FD13 /* 10.26_NetWork.app */,
				62FEBE281BDE9E040043FD13 /* 10.26_NetWorkTests.xctest */,
			);
			name = Products;
			sourceTree = "<group>";
		};
		62FEBE111BDE9E040043FD13 /* 10.26_NetWork */ = {
			isa = PBXGroup;
			children = (
				62FEBE161BDE9E040043FD13 /* AppDelegate.h */,
				62FEBE171BDE9E040043FD13 /* AppDelegate.m */,
				62FEBE191BDE9E040043FD13 /* ViewController.h */,
				62FEBE1A1BDE9E040043FD13 /* ViewController.m */,
				62FEBE1C1BDE9E040043FD13 /* Main.storyboard */,
				62FEBE1F1BDE9E040043FD13 /* Images.xcassets */,
				62FEBE211BDE9E040043FD13 /* LaunchScreen.xib */,
				62FEBE121BDE9E040043FD13 /* Supporting Files */,
			);
			path = 10.26_NetWork;
			sourceTree = "<group>";
		};
		62FEBE121BDE9E040043FD13 /* Supporting Files */ = {
			isa = PBXGroup;
			children = (
				62FEBE131BDE9E040043FD13 /* Info.plist */,
				62FEBE141BDE9E040043FD13 /* main.m */,
			);
			name = "Supporting Files";
			sourceTree = "<group>";
		};
		62FEBE2B1BDE9E040043FD13 /* 10.26_NetWorkTests */ = {
			isa = PBXGroup;
			children = (
				62FEBE2E1BDE9E040043FD13 /* _0_26_NetWorkTests.m */,
				62FEBE2C1BDE9E040043FD13 /* Supporting Files */,
			);
			path = 10.26_NetWorkTests;
			sourceTree = "<group>";
		};
		62FEBE2C1BDE9E040043FD13 /* Supporting Files */ = {
			isa = PBXGroup;
			children = (
				62FEBE2D1BDE9E040043FD13 /* Info.plist */,
			);
			name = "Supporting Files";
			sourceTree = "<group>";
		};
/* End PBXGroup section */

/* Begin PBXNativeTarget section */
		62FEBE0E1BDE9E040043FD13 /* 10.26_NetWork */ = {
			isa = PBXNativeTarget;
			buildConfigurationList = 62FEBE321BDE9E040043FD13 /* Build configuration list for PBXNativeTarget "10.26_NetWork" */;
			buildPhases = (
				62FEBE0B1BDE9E040043FD13 /* Sources */,
				62FEBE0C1BDE9E040043FD13 /* Frameworks */,
				62FEBE0D1BDE9E040043FD13 /* Resources */,
			);
			buildRules = (
			);
			dependencies = (
			);
			name = 10.26_NetWork;
			productName = 10.26_NetWork;
			productReference = 62FEBE0F1BDE9E040043FD13 /* 10.26_NetWork.app */;
			productType = "com.apple.product-type.application";
		};
		62FEBE271BDE9E040043FD13 /* 10.26_NetWorkTests */ = {
			isa = PBXNativeTarget;
			buildConfigurationList = 62FEBE351BDE9E040043FD13 /* Build configuration list for PBXNativeTarget "10.26_NetWorkTests" */;
			buildPhases = (
				62FEBE241BDE9E040043FD13 /* Sources */,
				62FEBE251BDE9E040043FD13 /* Frameworks */,
				62FEBE261BDE9E040043FD13 /* Resources */,
			);
			buildRules = (
			);
			dependencies = (
				62FEBE2A1BDE9E040043FD13 /* PBXTargetDependency */,
			);
			name = 10.26_NetWorkTests;
			productName = 10.26_NetWorkTests;
			productReference = 62FEBE281BDE9E040043FD13 /* 10.26_NetWorkTests.xctest */;
			productType = "com.apple.product-type.bundle.unit-test";
		};
/* End PBXNativeTarget section */

/* Begin PBXProject section */
		62FEBE071BDE9E040043FD13 /* Project object */ = {
			isa = PBXProject;
			attributes = {
				LastUpgradeCheck = 0630;
				ORGANIZATIONNAME = "中软国际029";
				TargetAttributes = {
					62FEBE0E1BDE9E040043FD13 = {
						CreatedOnToolsVersion = 6.3;
					};
					62FEBE271BDE9E040043FD13 = {
						CreatedOnToolsVersion = 6.3;
						TestTargetID = 62FEBE0E1BDE9E040043FD13;
					};
				};
			};
			buildConfigurationList = 62FEBE0A1BDE9E040043FD13 /* Build configuration list for PBXProject "10.26_NetWork" */;
			compatibilityVersion = "Xcode 3.2";
			developmentRegion = English;
			hasScannedForEncodings = 0;
			knownRegions = (
				en,
				Base,
			);
			mainGroup = 62FEBE061BDE9E040043FD13;
			productRefGroup = 62FEBE101BDE9E040043FD13 /* Products */;
			projectDirPath = "";
			projectRoot = "";
			targets = (
				62FEBE0E1BDE9E040043FD13 /* 10.26_NetWork */,
				62FEBE271BDE9E040043FD13 /* 10.26_NetWorkTests */,
			);
		};
/* End PBXProject section */

/* Begin PBXResourcesBuildPhase section */
		62FEBE0D1BDE9E040043FD13 /* Resources */ = {
			isa = PBXResourcesBuildPhase;
			buildActionMask = 2147483647;
			files = (
				62FEBE1E1BDE9E040043FD13 /* Main.storyboard in Resources */,
				62FEBE231BDE9E040043FD13 /* LaunchScreen.xib in Resources */,
				62FEBE201BDE9E040043FD13 /* Images.xcassets in Resources */,
			);
			runOnlyForDeploymentPostprocessing = 0;
		};
		62FEBE261BDE9E040043FD13 /* Resources */ = {
			isa = PBXResourcesBuildPhase;
			buildActionMask = 2147483647;
			files = (
			);
			runOnlyForDeploymentPostprocessing = 0;
		};
/* End PBXResourcesBuildPhase section */

/* Begin PBXSourcesBuildPhase section */
		62FEBE0B1BDE9E040043FD13 /* Sources */ = {
			isa = PBXSourcesBuildPhase;
			buildActionMask = 2147483647;
			files = (
				62FEBE1B1BDE9E040043FD13 /* ViewController.m in Sources */,
				62FEBE181BDE9E040043FD13 /* AppDelegate.m in Sources */,
				62FEBE151BDE9E040043FD13 /* main.m in Sources */,
			);
			runOnlyForDeploymentPostprocessing = 0;
		};
		62FEBE241BDE9E040043FD13 /* Sources */ = {
			isa = PBXSourcesBuildPhase;
			buildActionMask = 2147483647;
			files = (
				62FEBE2F1BDE9E040043FD13 /* _0_26_NetWorkTests.m in Sources */,
			);
			runOnlyForDeploymentPostprocessing = 0;
		};
/* End PBXSourcesBuildPhase section */

/* Begin PBXTargetDependency section */
		62FEBE2A1BDE9E040043FD13 /* PBXTargetDependency */ = {
			isa = PBXTargetDependency;
			target = 62FEBE0E1BDE9E040043FD13 /* 10.26_NetWork */;
			targetProxy = 62FEBE291BDE9E040043FD13 /* PBXContainerItemProxy */;
		};
/* End PBXTargetDependency section */

/* Begin PBXVariantGroup section */
		62FEBE1C1BDE9E040043FD13 /* Main.storyboard */ = {
			isa = PBXVariantGroup;
			children = (
				62FEBE1D1BDE9E040043FD13 /* Base */,
			);
			name = Main.storyboard;
			sourceTree = "<group>";
		};
		62FEBE211BDE9E040043FD13 /* LaunchScreen.xib */ = {
			isa = PBXVariantGroup;
			children = (
				62FEBE221BDE9E040043FD13 /* Base */,
			);
			name = LaunchScreen.xib;
			sourceTree = "<group>";
		};
/* End PBXVariantGroup section */

/* Begin XCBuildConfiguration section */
		62FEBE301BDE9E040043FD13 /* Debug */ = {
			isa = XCBuildConfiguration;
			buildSettings = {
				ALWAYS_SEARCH_USER_PATHS = NO;
				CLANG_CXX_LANGUAGE_STANDARD = "gnu++0x";
				CLANG_CXX_LIBRARY = "libc++";
				CLANG_ENABLE_MODULES = YES;
				CLANG_ENABLE_OBJC_ARC = YES;
				CLANG_WARN_BOOL_CONVERSION = YES;
				CLANG_WARN_CONSTANT_CONVERSION = YES;
				CLANG_WARN_DIRECT_OBJC_ISA_USAGE = YES_ERROR;
				CLANG_WARN_EMPTY_BODY = YES;
				CLANG_WARN_ENUM_CONVERSION = YES;
				CLANG_WARN_INT_CONVERSION = YES;
				CLANG_WARN_OBJC_ROOT_CLASS = YES_ERROR;
				CLANG_WARN_UNREACHABLE_CODE = YES;
				CLANG_WARN__DUPLICATE_METHOD_MATCH = YES;
				"CODE_SIGN_IDENTITY[sdk=iphoneos*]" = "iPhone Developer";
				COPY_PHASE_STRIP = NO;
				DEBUG_INFORMATION_FORMAT = "dwarf-with-dsym";
				ENABLE_STRICT_OBJC_MSGSEND = YES;
				GCC_C_LANGUAGE_STANDARD = gnu99;
				GCC_DYNAMIC_NO_PIC = NO;
				GCC_NO_COMMON_BLOCKS = YES;
				GCC_OPTIMIZATION_LEVEL = 0;
				GCC_PREPROCESSOR_DEFINITIONS = (
					"DEBUG=1",
					"$(inherited)",
				);
				GCC_SYMBOLS_PRIVATE_EXTERN = NO;
				GCC_WARN_64_TO_32_BIT_CONVERSION = YES;
				GCC_WARN_ABOUT_RETURN_TYPE = YES_ERROR;
				GCC_WARN_UNDECLARED_SELECTOR = YES;
				GCC_WARN_UNINITIALIZED_AUTOS = YES_AGGRESSIVE;
				GCC_WARN_UNUSED_FUNCTION = YES;
				GCC_WARN_UNUSED_VARIABLE = YES;
				IPHONEOS_DEPLOYMENT_TARGET = 8.3;
				MTL_ENABLE_DEBUG_INFO = YES;
				ONLY_ACTIVE_ARCH = YES;
				SDKROOT = iphoneos;
				TARGETED_DEVICE_FAMILY = "1,2";
			};
			name = Debug;
		};
		62FEBE311BDE9E040043FD13 /* Release */ = {
			isa = XCBuildConfiguration;
			buildSettings = {
				ALWAYS_SEARCH_USER_PATHS = NO;
				CLANG_CXX_LANGUAGE_STANDARD = "gnu++0x";
				CLANG_CXX_LIBRARY = "libc++";
				CLANG_ENABLE_MODULES = YES;
				CLANG_ENABLE_OBJC_ARC = YES;
				CLANG_WARN_BOOL_CONVERSION = YES;
				CLANG_WARN_CONSTANT_CONVERSION = YES;
				CLANG_WARN_DIRECT_OBJC_ISA_USAGE = YES_ERROR;
				CLANG_WARN_EMPTY_BODY = YES;
				CLANG_WARN_ENUM_CONVERSION = YES;
				CLANG_WARN_INT_CONVERSION = YES;
				CLANG_WARN_OBJC_ROOT_CLASS = YES_ERROR;
				CLANG_WARN_UNREACHABLE_CODE = YES;
				CLANG_WARN__DUPLICATE_METHOD_MATCH = YES;
				"CODE_SIGN_IDENTITY[sdk=iphoneos*]" = "iPhone Developer";
				COPY_PHASE_STRIP = NO;
				DEBUG_INFORMATION_FORMAT = "dwarf-with-dsym";
				ENABLE_NS_ASSERTIONS = NO;
				ENABLE_STRICT_OBJC_MSGSEND = YES;
				GCC_C_LANGUAGE_STANDARD = gnu99;
				GCC_NO_COMMON_BLOCKS = YES;
				GCC_WARN_64_TO_32_BIT_CONVERSION = YES;
				GCC_WARN_ABOUT_RETURN_TYPE = YES_ERROR;
				GCC_WARN_UNDECLARED_SELECTOR = YES;
				GCC_WARN_UNINITIALIZED_AUTOS = YES_AGGRESSIVE;
				GCC_WARN_UNUSED_FUNCTION = YES;
				GCC_WARN_UNUSED_VARIABLE = YES;
				IPHONEOS_DEPLOYMENT_TARGET = 8.3;
				MTL_ENABLE_DEBUG_INFO = NO;
				SDKROOT = iphoneos;
				TARGETED_DEVICE_FAMILY = "1,2";
				VALIDATE_PRODUCT = YES;
			};
			name = Release;
		};
		62FEBE331BDE9E040043FD13 /* Debug */ = {
			isa = XCBuildConfiguration;
			buildSettings = {
				ASSETCATALOG_COMPILER_APPICON_NAME = AppIcon;
				INFOPLIST_FILE = 10.26_NetWork/Info.plist;
				LD_RUNPATH_SEARCH_PATHS = "$(inherited) @executable_path/Frameworks";
				PRODUCT_NAME = "$(TARGET_NAME)";
			};
			name = Debug;
		};
		62FEBE341BDE9E040043FD13 /* Release */ = {
			isa = XCBuildConfiguration;
			buildSettings = {
				ASSETCATALOG_COMPILER_APPICON_NAME = AppIcon;
				INFOPLIST_FILE = 10.26_NetWork/Info.plist;
				LD_RUNPATH_SEARCH_PATHS = "$(inherited) @executable_path/Frameworks";
				PRODUCT_NAME = "$(TARGET_NAME)";
			};
			name = Release;
		};
		62FEBE361BDE9E040043FD13 /* Debug */ = {
			isa = XCBuildConfiguration;
			buildSettings = {
				BUNDLE_LOADER = "$(TEST_HOST)";
				FRAMEWORK_SEARCH_PATHS = (
					"$(SDKROOT)/Developer/Library/Frameworks",
					"$(inherited)",
				);
				GCC_PREPROCESSOR_DEFINITIONS = (
					"DEBUG=1",
					"$(inherited)",
				);
				INFOPLIST_FILE = 10.26_NetWorkTests/Info.plist;
				LD_RUNPATH_SEARCH_PATHS = "$(inherited) @executable_path/Frameworks @loader_path/Frameworks";
				PRODUCT_NAME = "$(TARGET_NAME)";
				TEST_HOST = "$(BUILT_PRODUCTS_DIR)/10.26_NetWork.app/10.26_NetWork";
			};
			name = Debug;
		};
		62FEBE371BDE9E040043FD13 /* Release */ = {
			isa = XCBuildConfiguration;
			buildSettings = {
				BUNDLE_LOADER = "$(TEST_HOST)";
				FRAMEWORK_SEARCH_PATHS = (
					"$(SDKROOT)/Developer/Library/Frameworks",
					"$(inherited)",
				);
				INFOPLIST_FILE = 10.26_NetWorkTests/Info.plist;
				LD_RUNPATH_SEARCH_PATHS = "$(inherited) @executable_path/Frameworks @loader_path/Frameworks";
				PRODUCT_NAME = "$(TARGET_NAME)";
				TEST_HOST = "$(BUILT_PRODUCTS_DIR)/10.26_NetWork.app/10.26_NetWork";
			};
			name = Release;
		};
/* End XCBuildConfiguration section */

/* Begin XCConfigurationList section */
		62FEBE0A1BDE9E040043FD13 /* Build configuration list for PBXProject "10.26_NetWork" */ = {
			isa = XCConfigurationList;
			buildConfigurations = (
				62FEBE301BDE9E040043FD13 /* Debug */,
				62FEBE311BDE9E040043FD13 /* Release */,
			);
			defaultConfigurationIsVisible = 0;
			defaultConfigurationName = Release;
		};
		62FEBE321BDE9E040043FD13 /* Build configuration list for PBXNativeTarget "10.26_NetWork" */ = {
			isa = XCConfigurationList;
			buildConfigurations = (
				62FEBE331BDE9E040043FD13 /* Debug */,
				62FEBE341BDE9E040043FD13 /* Release */,
			);
			defaultConfigurationIsVisible = 0;
		};
		62FEBE351BDE9E040043FD13 /* Build configuration list for PBXNativeTarget "10.26_NetWorkTests" */ = {
			isa = XCConfigurationList;
			buildConfigurations = (
				62FEBE361BDE9E040043FD13 /* Debug */,
				62FEBE371BDE9E040043FD13 /* Release */,
			);
			defaultConfigurationIsVisible = 0;
		};
/* End XCConfigurationList section */
	};
	rootObject = 62FEBE071BDE9E040043FD13 /* Project object */;
}
